
Microsoft Visual Studio Solution File, Format Version 12.00
# Visual Studio 15
VisualStudioVersion = 15.0.28307.1525
MinimumVisualStudioVersion = 10.0.40219.1
Project("{FAE04EC0-301F-11D3-BF4B-00C04F79EFBC}") = "ProyectoESDGrupo4", "ProyectoESDGrupo4\ProyectoESDGrupo4.csproj", "{A9C5A737-788C-411B-96C5-AE66B8B693B2}"
EndProject
Global
	GlobalSection(SolutionConfigurationPlatforms) = preSolution
		Debug|Any CPU = Debug|Any CPU
		Release|Any CPU = Release|Any CPU
	EndGlobalSection
	GlobalSection(ProjectConfigurationPlatforms) = postSolution
		{A9C5A737-788C-411B-96C5-AE66B8B693B2}.Debug|Any CPU.ActiveCfg = Debug|Any CPU
		{A9C5A737-788C-411B-96C5-AE66B8B693B2}.Debug|Any CPU.Build.0 = Debug|Any CPU
		{A9C5A737-788C-411B-96C5-AE66B8B693B2}.Release|Any CPU.ActiveCfg = Release|Any CPU
		{A9C5A737-788C-411B-96C5-AE66B8B693B2}.Release|Any CPU.Build.0 = Release|Any CPU
	EndGlobalSection
	GlobalSection(SolutionProperties) = preSolution
		HideSolutionNode = FALSE
	EndGlobalSection
	GlobalSection(ExtensibilityGlobals) = postSolution
		SolutionGuid = {DFC3AAAA-D7BA-439D-8618-FAB3A9D0AC3E}
	EndGlobalSection
EndGlobal
